
Microsoft Visual Studio Solution File, Format Version 12.00
# Visual Studio Version 17
VisualStudioVersion = 17.2.32526.322
MinimumVisualStudioVersion = 10.0.40219.1
Project("{FAE04EC0-301F-11D3-BF4B-00C04F79EFBC}") = "CrudEF", "CrudEF.csproj", "{2A32E1E8-19E0-4881-AF74-81BFB70D850A}"
EndProject
Global
	GlobalSection(SolutionConfigurationPlatforms) = preSolution
		Debug|Any CPU = Debug|Any CPU
		Release|Any CPU = Release|Any CPU
	EndGlobalSection
	GlobalSection(ProjectConfigurationPlatforms) = postSolution
		{2A32E1E8-19E0-4881-AF74-81BFB70D850A}.Debug|Any CPU.ActiveCfg = Debug|Any CPU
		{2A32E1E8-19E0-4881-AF74-81BFB70D850A}.Debug|Any CPU.Build.0 = Debug|Any CPU
		{2A32E1E8-19E0-4881-AF74-81BFB70D850A}.Release|Any CPU.ActiveCfg = Release|Any CPU
		{2A32E1E8-19E0-4881-AF74-81BFB70D850A}.Release|Any CPU.Build.0 = Release|Any CPU
	EndGlobalSection
	GlobalSection(SolutionProperties) = preSolution
		HideSolutionNode = FALSE
	EndGlobalSection
	GlobalSection(ExtensibilityGlobals) = postSolution
		SolutionGuid = {A24FD0D6-6DA4-473C-99AC-DF70FC2BAC47}
	EndGlobalSection
EndGlobal
